
Microsoft Visual Studio Solution File, Format Version 12.00
# Visual Studio Version 16
VisualStudioVersion = 16.0.32106.194
MinimumVisualStudioVersion = 10.0.40219.1
Project("{FAE04EC0-301F-11D3-BF4B-00C04F79EFBC}") = "WebApp", "WebApp\WebApp.csproj", "{B53FD101-1A59-4E13-9ABB-E1B7D26F95CA}"
EndProject
Project("{FAE04EC0-301F-11D3-BF4B-00C04F79EFBC}") = "BD", "BD\BD.csproj", "{E4FAA2B8-634D-4353-895C-2674EDD8575A}"
EndProject
Project("{FAE04EC0-301F-11D3-BF4B-00C04F79EFBC}") = "Entity", "Entity\Entity.csproj", "{065D0264-40E1-4EA5-AA92-E7C6DEDCDB87}"
EndProject
Project("{FAE04EC0-301F-11D3-BF4B-00C04F79EFBC}") = "WBL", "WBL\WBL.csproj", "{C8EC0AB7-6A9C-448B-AEA7-CF85A3BFE682}"
EndProject
Project("{00D1A9C2-B5F0-4AF3-8072-F6C62B433612}") = "BaseDeDatos", "BaseDeDatos\BaseDeDatos.sqlproj", "{69848B7A-C830-4F5C-8642-427E8BCD07CD}"
EndProject
Global
	GlobalSection(SolutionConfigurationPlatforms) = preSolution
		Debug|Any CPU = Debug|Any CPU
		Release|Any CPU = Release|Any CPU
	EndGlobalSection
	GlobalSection(ProjectConfigurationPlatforms) = postSolution
		{B53FD101-1A59-4E13-9ABB-E1B7D26F95CA}.Debug|Any CPU.ActiveCfg = Debug|Any CPU
		{B53FD101-1A59-4E13-9ABB-E1B7D26F95CA}.Debug|Any CPU.Build.0 = Debug|Any CPU
		{B53FD101-1A59-4E13-9ABB-E1B7D26F95CA}.Release|Any CPU.ActiveCfg = Release|Any CPU
		{B53FD101-1A59-4E13-9ABB-E1B7D26F95CA}.Release|Any CPU.Build.0 = Release|Any CPU
		{E4FAA2B8-634D-4353-895C-2674EDD8575A}.Debug|Any CPU.ActiveCfg = Debug|Any CPU
		{E4FAA2B8-634D-4353-895C-2674EDD8575A}.Debug|Any CPU.Build.0 = Debug|Any CPU
		{E4FAA2B8-634D-4353-895C-2674EDD8575A}.Release|Any CPU.ActiveCfg = Release|Any CPU
		{E4FAA2B8-634D-4353-895C-2674EDD8575A}.Release|Any CPU.Build.0 = Release|Any CPU
		{065D0264-40E1-4EA5-AA92-E7C6DEDCDB87}.Debug|Any CPU.ActiveCfg = Debug|Any CPU
		{065D0264-40E1-4EA5-AA92-E7C6DEDCDB87}.Debug|Any CPU.Build.0 = Debug|Any CPU
		{065D0264-40E1-4EA5-AA92-E7C6DEDCDB87}.Release|Any CPU.ActiveCfg = Release|Any CPU
		{065D0264-40E1-4EA5-AA92-E7C6DEDCDB87}.Release|Any CPU.Build.0 = Release|Any CPU
		{C8EC0AB7-6A9C-448B-AEA7-CF85A3BFE682}.Debug|Any CPU.ActiveCfg = Debug|Any CPU
		{C8EC0AB7-6A9C-448B-AEA7-CF85A3BFE682}.Debug|Any CPU.Build.0 = Debug|Any CPU
		{C8EC0AB7-6A9C-448B-AEA7-CF85A3BFE682}.Release|Any CPU.ActiveCfg = Release|Any CPU
		{C8EC0AB7-6A9C-448B-AEA7-CF85A3BFE682}.Release|Any CPU.Build.0 = Release|Any CPU
		{69848B7A-C830-4F5C-8642-427E8BCD07CD}.Debug|Any CPU.ActiveCfg = Debug|Any CPU
		{69848B7A-C830-4F5C-8642-427E8BCD07CD}.Debug|Any CPU.Build.0 = Debug|Any CPU
		{69848B7A-C830-4F5C-8642-427E8BCD07CD}.Debug|Any CPU.Deploy.0 = Debug|Any CPU
		{69848B7A-C830-4F5C-8642-427E8BCD07CD}.Release|Any CPU.ActiveCfg = Release|Any CPU
		{69848B7A-C830-4F5C-8642-427E8BCD07CD}.Release|Any CPU.Build.0 = Release|Any CPU
		{69848B7A-C830-4F5C-8642-427E8BCD07CD}.Release|Any CPU.Deploy.0 = Release|Any CPU
	EndGlobalSection
	GlobalSection(SolutionProperties) = preSolution
		HideSolutionNode = FALSE
	EndGlobalSection
	GlobalSection(ExtensibilityGlobals) = postSolution
		SolutionGuid = {C940AE55-D9DC-4F43-84E8-86C0DA1385DA}
	EndGlobalSection
EndGlobal
